
Microsoft Visual Studio Solution File, Format Version 12.00
# Visual Studio Version 17
VisualStudioVersion = 17.14.37012.4 d17.14
MinimumVisualStudioVersion = 10.0.40219.1
Project("{FAE04EC0-301F-11D3-BF4B-00C04F79EFBC}") = "TaskManager.API", "TaskManager.API\TaskManager.API.csproj", "{92B94748-396A-4017-BE42-9132CA415651}"
EndProject
Global
	GlobalSection(SolutionConfigurationPlatforms) = preSolution
		Debug|Any CPU = Debug|Any CPU
		Release|Any CPU = Release|Any CPU
	EndGlobalSection
	GlobalSection(ProjectConfigurationPlatforms) = postSolution
		{92B94748-396A-4017-BE42-9132CA415651}.Debug|Any CPU.ActiveCfg = Debug|Any CPU
		{92B94748-396A-4017-BE42-9132CA415651}.Debug|Any CPU.Build.0 = Debug|Any CPU
		{92B94748-396A-4017-BE42-9132CA415651}.Release|Any CPU.ActiveCfg = Release|Any CPU
		{92B94748-396A-4017-BE42-9132CA415651}.Release|Any CPU.Build.0 = Release|Any CPU
	EndGlobalSection
	GlobalSection(SolutionProperties) = preSolution
		HideSolutionNode = FALSE
	EndGlobalSection
	GlobalSection(ExtensibilityGlobals) = postSolution
		SolutionGuid = {9735A724-B077-4C91-BB30-97F0151E2D45}
	EndGlobalSection
EndGlobal
